
Microsoft Visual Studio Solution File, Format Version 12.00
# Visual Studio Version 17
VisualStudioVersion = 17.5.33516.290
MinimumVisualStudioVersion = 10.0.40219.1
Project("{9A19103F-16F7-4668-BE54-9A1E7A4F7556}") = "RedisCacheUsage", "RedisCacheUsage\RedisCacheUsage.csproj", "{97C05340-55CF-4D15-92EB-EAF654CE402F}"
EndProject
Project("{9A19103F-16F7-4668-BE54-9A1E7A4F7556}") = "RedisUsage.ConcurrencyGuard", "RedisUsage.ConcurrencyGuard\RedisUsage.ConcurrencyGuard.csproj", "{56C63764-E249-4F2B-BDD8-AF751DDB9B04}"
EndProject
Project("{FAE04EC0-301F-11D3-BF4B-00C04F79EFBC}") = "RedisCacheUsage.IntegrationTest", "RedisCacheUsage.IntegrationTest\RedisCacheUsage.IntegrationTest.csproj", "{B5331D27-71A4-4ECE-9405-9A6413D1E01D}"
EndProject
Global
	GlobalSection(SolutionConfigurationPlatforms) = preSolution
		Debug|Any CPU = Debug|Any CPU
		Release|Any CPU = Release|Any CPU
	EndGlobalSection
	GlobalSection(ProjectConfigurationPlatforms) = postSolution
		{97C05340-55CF-4D15-92EB-EAF654CE402F}.Debug|Any CPU.ActiveCfg = Debug|Any CPU
		{97C05340-55CF-4D15-92EB-EAF654CE402F}.Debug|Any CPU.Build.0 = Debug|Any CPU
		{97C05340-55CF-4D15-92EB-EAF654CE402F}.Release|Any CPU.ActiveCfg = Release|Any CPU
		{97C05340-55CF-4D15-92EB-EAF654CE402F}.Release|Any CPU.Build.0 = Release|Any CPU
		{56C63764-E249-4F2B-BDD8-AF751DDB9B04}.Debug|Any CPU.ActiveCfg = Debug|Any CPU
		{56C63764-E249-4F2B-BDD8-AF751DDB9B04}.Debug|Any CPU.Build.0 = Debug|Any CPU
		{56C63764-E249-4F2B-BDD8-AF751DDB9B04}.Release|Any CPU.ActiveCfg = Release|Any CPU
		{56C63764-E249-4F2B-BDD8-AF751DDB9B04}.Release|Any CPU.Build.0 = Release|Any CPU
		{B5331D27-71A4-4ECE-9405-9A6413D1E01D}.Debug|Any CPU.ActiveCfg = Debug|Any CPU
		{B5331D27-71A4-4ECE-9405-9A6413D1E01D}.Debug|Any CPU.Build.0 = Debug|Any CPU
		{B5331D27-71A4-4ECE-9405-9A6413D1E01D}.Release|Any CPU.ActiveCfg = Release|Any CPU
		{B5331D27-71A4-4ECE-9405-9A6413D1E01D}.Release|Any CPU.Build.0 = Release|Any CPU
	EndGlobalSection
	GlobalSection(SolutionProperties) = preSolution
		HideSolutionNode = FALSE
	EndGlobalSection
	GlobalSection(ExtensibilityGlobals) = postSolution
		SolutionGuid = {966214D8-B5E9-40FF-B5EB-236A5D12D83F}
	EndGlobalSection
EndGlobal
